
Microsoft Visual Studio Solution File, Format Version 12.00
# Visual Studio Version 17
VisualStudioVersion = 17.0.31903.59
MinimumVisualStudioVersion = 10.0.40219.1
Project("{FAE04EC0-301F-11D3-BF4B-00C04F79EFBC}") = "Domain", "Domain\Domain.csproj", "{7C2329C1-9789-46BD-913A-DD91DA0FF7D5}"
EndProject
Project("{FAE04EC0-301F-11D3-BF4B-00C04F79EFBC}") = "Infrastructure", "Infrastructure\Infrastructure.csproj", "{D17DCDC1-6CE4-4241-9C2A-4ACB8F913E66}"
EndProject
Project("{FAE04EC0-301F-11D3-BF4B-00C04F79EFBC}") = "WepApi", "WepApi\WepApi.csproj", "{BFB9D49A-ABFA-4DAA-8074-04D11C286E79}"
EndProject
Global
	GlobalSection(SolutionConfigurationPlatforms) = preSolution
		Debug|Any CPU = Debug|Any CPU
		Release|Any CPU = Release|Any CPU
	EndGlobalSection
	GlobalSection(SolutionProperties) = preSolution
		HideSolutionNode = FALSE
	EndGlobalSection
	GlobalSection(ProjectConfigurationPlatforms) = postSolution
		{7C2329C1-9789-46BD-913A-DD91DA0FF7D5}.Debug|Any CPU.ActiveCfg = Debug|Any CPU
		{7C2329C1-9789-46BD-913A-DD91DA0FF7D5}.Debug|Any CPU.Build.0 = Debug|Any CPU
		{7C2329C1-9789-46BD-913A-DD91DA0FF7D5}.Release|Any CPU.ActiveCfg = Release|Any CPU
		{7C2329C1-9789-46BD-913A-DD91DA0FF7D5}.Release|Any CPU.Build.0 = Release|Any CPU
		{D17DCDC1-6CE4-4241-9C2A-4ACB8F913E66}.Debug|Any CPU.ActiveCfg = Debug|Any CPU
		{D17DCDC1-6CE4-4241-9C2A-4ACB8F913E66}.Debug|Any CPU.Build.0 = Debug|Any CPU
		{D17DCDC1-6CE4-4241-9C2A-4ACB8F913E66}.Release|Any CPU.ActiveCfg = Release|Any CPU
		{D17DCDC1-6CE4-4241-9C2A-4ACB8F913E66}.Release|Any CPU.Build.0 = Release|Any CPU
		{BFB9D49A-ABFA-4DAA-8074-04D11C286E79}.Debug|Any CPU.ActiveCfg = Debug|Any CPU
		{BFB9D49A-ABFA-4DAA-8074-04D11C286E79}.Debug|Any CPU.Build.0 = Debug|Any CPU
		{BFB9D49A-ABFA-4DAA-8074-04D11C286E79}.Release|Any CPU.ActiveCfg = Release|Any CPU
		{BFB9D49A-ABFA-4DAA-8074-04D11C286E79}.Release|Any CPU.Build.0 = Release|Any CPU
	EndGlobalSection
EndGlobal
